{
  "name": "translation",
  "version": "1.0.0",
  "lockfileVersion": 1,
  "requires": true,
  "dependencies": {
    "@sindresorhus/is": {
      "version": "0.14.0",
      "resolved": "https://registry.npm.taobao.org/@sindresorhus/is/download/@sindresorhus/is-0.14.0.tgz",
      "integrity": "sha1-n7OjzzEyMoFR81PeRjLgHlIQK+o="
    },
    "@szmarczak/http-timer": {
      "version": "1.1.2",
      "resolved": "https://registry.npm.taobao.org/@szmarczak/http-timer/download/@szmarczak/http-timer-1.1.2.tgz",
      "integrity": "sha1-sWZeLEYaLNkvTBu/UNVFTeDUtCE=",
      "requires": {
        "defer-to-connect": "^1.0.1"
      }
    },
    "@vitalets/google-translate-api": {
      "version": "2.9.0",
      "resolved": "https://registry.npm.taobao.org/@vitalets/google-translate-api/download/@vitalets/google-translate-api-2.9.0.tgz",
      "integrity": "sha1-lQFXeU1EfKdxlAUkbB8XSPNpXpc=",
      "requires": {
        "@vitalets/google-translate-token": "^1.1.0",
        "configstore": "^2.0.0",
        "got": "^9.6.0"
      }
    },
    "@vitalets/google-translate-token": {
      "version": "1.1.0",
      "resolved": "https://registry.npm.taobao.org/@vitalets/google-translate-token/download/@vitalets/google-translate-token-1.1.0.tgz",
      "integrity": "sha1-2DWpr+gIYncrUDryU5nwveRivCM=",
      "requires": {
        "configstore": "^2.0.0",
        "got": "^6.3.0"
      },
      "dependencies": {
        "got": {
          "version": "6.7.1",
          "resolved": "https://registry.npm.taobao.org/got/download/got-6.7.1.tgz",
          "integrity": "sha1-JAzQV4WpoY5WHcG0S0HHY+8ejbA=",
          "requires": {
            "create-error-class": "^3.0.0",
            "duplexer3": "^0.1.4",
            "get-stream": "^3.0.0",
            "is-redirect": "^1.0.0",
            "is-retry-allowed": "^1.0.0",
            "is-stream": "^1.0.0",
            "lowercase-keys": "^1.0.0",
            "safe-buffer": "^5.0.1",
            "timed-out": "^4.0.0",
            "unzip-response": "^2.0.1",
            "url-parse-lax": "^1.0.0"
          }
        }
      }
    },
    "cacheable-request": {
      "version": "6.1.0",
      "resolved": "https://registry.npm.taobao.org/cacheable-request/download/cacheable-request-6.1.0.tgz",
      "integrity": "sha1-IP+4vRYrpL4R6VZ9gj22UQUsqRI=",
      "requires": {
        "clone-response": "^1.0.2",
        "get-stream": "^5.1.0",
        "http-cache-semantics": "^4.0.0",
        "keyv": "^3.0.0",
        "lowercase-keys": "^2.0.0",
        "normalize-url": "^4.1.0",
        "responselike": "^1.0.2"
      },
      "dependencies": {
        "get-stream": {
          "version": "5.1.0",
          "resolved": "https://registry.npm.taobao.org/get-stream/download/get-stream-5.1.0.tgz",
          "integrity": "sha1-ASA83JJZf5uQkGfD5lbMH008Tck=",
          "requires": {
            "pump": "^3.0.0"
          }
        },
        "lowercase-keys": {
          "version": "2.0.0",
          "resolved": "https://registry.npm.taobao.org/lowercase-keys/download/lowercase-keys-2.0.0.tgz",
          "integrity": "sha1-JgPni3tLAAbLyi+8yKMgJVislHk="
        }
      }
    },
    "capture-stack-trace": {
      "version": "1.0.1",
      "resolved": "https://registry.npm.taobao.org/capture-stack-trace/download/capture-stack-trace-1.0.1.tgz",
      "integrity": "sha1-psC74fOPOqC5Ijjstv9Cw0TUE10="
    },
    "clone-response": {
      "version": "1.0.2",
      "resolved": "https://registry.npm.taobao.org/clone-response/download/clone-response-1.0.2.tgz",
      "integrity": "sha1-0dyXOSAxTfZ/vrlCI7TuNQI56Ws=",
      "requires": {
        "mimic-response": "^1.0.0"
      }
    },
    "configstore": {
      "version": "2.1.0",
      "resolved": "https://registry.npm.taobao.org/configstore/download/configstore-2.1.0.tgz",
      "integrity": "sha1-c3o6cDbpiGECqmCZ5HuzOrGroaE=",
      "requires": {
        "dot-prop": "^3.0.0",
        "graceful-fs": "^4.1.2",
        "mkdirp": "^0.5.0",
        "object-assign": "^4.0.1",
        "os-tmpdir": "^1.0.0",
        "osenv": "^0.1.0",
        "uuid": "^2.0.1",
        "write-file-atomic": "^1.1.2",
        "xdg-basedir": "^2.0.0"
      }
    },
    "create-error-class": {
      "version": "3.0.2",
      "resolved": "https://registry.npm.taobao.org/create-error-class/download/create-error-class-3.0.2.tgz",
      "integrity": "sha1-Br56vvlHo/FKMP1hBnHUAbyot7Y=",
      "requires": {
        "capture-stack-trace": "^1.0.0"
      }
    },
    "decompress-response": {
      "version": "3.3.0",
      "resolved": "https://registry.npm.taobao.org/decompress-response/download/decompress-response-3.3.0.tgz",
      "integrity": "sha1-gKTdMjdIOEv6JICDYirt7Jgq3/M=",
      "requires": {
        "mimic-response": "^1.0.0"
      }
    },
    "defer-to-connect": {
      "version": "1.0.2",
      "resolved": "https://registry.npm.taobao.org/defer-to-connect/download/defer-to-connect-1.0.2.tgz",
      "integrity": "sha1-S651ijFLA0rjOQK1qsJajdaoYz4="
    },
    "dot-prop": {
      "version": "3.0.0",
      "resolved": "https://registry.npm.taobao.org/dot-prop/download/dot-prop-3.0.0.tgz",
      "integrity": "sha1-G3CK8JSknJoOfbyteQq6U52sEXc=",
      "requires": {
        "is-obj": "^1.0.0"
      }
    },
    "duplexer3": {
      "version": "0.1.4",
      "resolved": "https://registry.npm.taobao.org/duplexer3/download/duplexer3-0.1.4.tgz",
      "integrity": "sha1-7gHdHKwO08vH/b6jfcCo8c4ALOI="
    },
    "end-of-stream": {
      "version": "1.4.4",
      "resolved": "https://registry.npm.taobao.org/end-of-stream/download/end-of-stream-1.4.4.tgz",
      "integrity": "sha1-WuZKX0UFe682JuwU2gyl5LJDHrA=",
      "requires": {
        "once": "^1.4.0"
      }
    },
    "get-stream": {
      "version": "3.0.0",
      "resolved": "https://registry.npm.taobao.org/get-stream/download/get-stream-3.0.0.tgz",
      "integrity": "sha1-jpQ9E1jcN1VQVOy+LtsFqhdO3hQ="
    },
    "got": {
      "version": "9.6.0",
      "resolved": "https://registry.npm.taobao.org/got/download/got-9.6.0.tgz",
      "integrity": "sha1-7fRefWf5lUVwXeH3u+7rEhdl7YU=",
      "requires": {
        "@sindresorhus/is": "^0.14.0",
        "@szmarczak/http-timer": "^1.1.2",
        "cacheable-request": "^6.0.0",
        "decompress-response": "^3.3.0",
        "duplexer3": "^0.1.4",
        "get-stream": "^4.1.0",
        "lowercase-keys": "^1.0.1",
        "mimic-response": "^1.0.1",
        "p-cancelable": "^1.0.0",
        "to-readable-stream": "^1.0.0",
        "url-parse-lax": "^3.0.0"
      },
      "dependencies": {
        "get-stream": {
          "version": "4.1.0",
          "resolved": "https://registry.npm.taobao.org/get-stream/download/get-stream-4.1.0.tgz",
          "integrity": "sha1-wbJVV189wh1Zv8ec09K0axw6VLU=",
          "requires": {
            "pump": "^3.0.0"
          }
        },
        "prepend-http": {
          "version": "2.0.0",
          "resolved": "https://registry.npm.taobao.org/prepend-http/download/prepend-http-2.0.0.tgz",
          "integrity": "sha1-6SQ0v6XqjBn0HN/UAddBo8gZ2Jc="
        },
        "url-parse-lax": {
          "version": "3.0.0",
          "resolved": "https://registry.npm.taobao.org/url-parse-lax/download/url-parse-lax-3.0.0.tgz",
          "integrity": "sha1-FrXK/Afb42dsGxmZF3gj1lA6yww=",
          "requires": {
            "prepend-http": "^2.0.0"
          }
        }
      }
    },
    "graceful-fs": {
      "version": "4.2.2",
      "resolved": "https://registry.npm.taobao.org/graceful-fs/download/graceful-fs-4.2.2.tgz",
      "integrity": "sha1-bwlSYF0BQMHP2xOO0AV3W5LWewI="
    },
    "http-cache-semantics": {
      "version": "4.0.3",
      "resolved": "https://registry.npm.taobao.org/http-cache-semantics/download/http-cache-semantics-4.0.3.tgz",
      "integrity": "sha1-SVcEdzJ37u9uQ/mrLCx9JZ3aJcU="
    },
    "imurmurhash": {
      "version": "0.1.4",
      "resolved": "https://registry.npm.taobao.org/imurmurhash/download/imurmurhash-0.1.4.tgz",
      "integrity": "sha1-khi5srkoojixPcT7a21XbyMUU+o="
    },
    "is-obj": {
      "version": "1.0.1",
      "resolved": "https://registry.npm.taobao.org/is-obj/download/is-obj-1.0.1.tgz",
      "integrity": "sha1-PkcprB9f3gJc19g6iW2rn09n2w8="
    },
    "is-redirect": {
      "version": "1.0.0",
      "resolved": "https://registry.npm.taobao.org/is-redirect/download/is-redirect-1.0.0.tgz",
      "integrity": "sha1-HQPd7VO9jbDzDCbk+V02/HyH3CQ="
    },
    "is-retry-allowed": {
      "version": "1.1.0",
      "resolved": "https://registry.npm.taobao.org/is-retry-allowed/download/is-retry-allowed-1.1.0.tgz",
      "integrity": "sha1-EaBgVotnM5REAz0BJaYaINVk+zQ="
    },
    "is-stream": {
      "version": "1.1.0",
      "resolved": "https://registry.npm.taobao.org/is-stream/download/is-stream-1.1.0.tgz",
      "integrity": "sha1-EtSj3U5o4Lec6428hBc66A2RykQ="
    },
    "json-buffer": {
      "version": "3.0.0",
      "resolved": "https://registry.npm.taobao.org/json-buffer/download/json-buffer-3.0.0.tgz",
      "integrity": "sha1-Wx85evx11ne96Lz8Dkfh+aPZqJg="
    },
    "keyv": {
      "version": "3.1.0",
      "resolved": "https://registry.npm.taobao.org/keyv/download/keyv-3.1.0.tgz",
      "integrity": "sha1-7MIoSG9pmR5J6UdkhaW+Ho/FxNk=",
      "requires": {
        "json-buffer": "3.0.0"
      }
    },
    "lowercase-keys": {
      "version": "1.0.1",
      "resolved": "https://registry.npm.taobao.org/lowercase-keys/download/lowercase-keys-1.0.1.tgz",
      "integrity": "sha1-b54wtHCE2XGnyCD/FabFFnt0wm8="
    },
    "mimic-response": {
      "version": "1.0.1",
      "resolved": "https://registry.npm.taobao.org/mimic-response/download/mimic-response-1.0.1.tgz",
      "integrity": "sha1-SSNTiHju9CBjy4o+OweYeBSHqxs="
    },
    "minimist": {
      "version": "0.0.8",
      "resolved": "https://registry.npm.taobao.org/minimist/download/minimist-0.0.8.tgz",
      "integrity": "sha1-hX/Kv8M5fSYluCKCYuhqp6ARsF0="
    },
    "mkdirp": {
      "version": "0.5.1",
      "resolved": "https://registry.npm.taobao.org/mkdirp/download/mkdirp-0.5.1.tgz",
      "integrity": "sha1-MAV0OOrGz3+MR2fzhkjWaX11yQM=",
      "requires": {
        "minimist": "0.0.8"
      }
    },
    "normalize-url": {
      "version": "4.5.1",
      "resolved": "https://registry.npmjs.org/normalize-url/-/normalize-url-4.5.1.tgz",
      "integrity": "sha512-9UZCFRHQdNrfTpGg8+1INIg93B6zE0aXMVFkw1WFwvO4SlZywU6aLg5Of0Ap/PgcbSw4LNxvMWXMeugwMCX0AA=="
    },
    "object-assign": {
      "version": "4.1.1",
      "resolved": "https://registry.npm.taobao.org/object-assign/download/object-assign-4.1.1.tgz",
      "integrity": "sha1-IQmtx5ZYh8/AXLvUQsrIv7s2CGM="
    },
    "once": {
      "version": "1.4.0",
      "resolved": "https://registry.npm.taobao.org/once/download/once-1.4.0.tgz",
      "integrity": "sha1-WDsap3WWHUsROsF9nFC6753Xa9E=",
      "requires": {
        "wrappy": "1"
      }
    },
    "os-homedir": {
      "version": "1.0.2",
      "resolved": "https://registry.npm.taobao.org/os-homedir/download/os-homedir-1.0.2.tgz",
      "integrity": "sha1-/7xJiDNuDoM94MFox+8VISGqf7M="
    },
    "os-tmpdir": {
      "version": "1.0.2",
      "resolved": "https://registry.npm.taobao.org/os-tmpdir/download/os-tmpdir-1.0.2.tgz",
      "integrity": "sha1-u+Z0BseaqFxc/sdm/lc0VV36EnQ="
    },
    "osenv": {
      "version": "0.1.5",
      "resolved": "https://registry.npm.taobao.org/osenv/download/osenv-0.1.5.tgz",
      "integrity": "sha1-hc36+uso6Gd/QW4odZK18/SepBA=",
      "requires": {
        "os-homedir": "^1.0.0",
        "os-tmpdir": "^1.0.0"
      }
    },
    "p-cancelable": {
      "version": "1.1.0",
      "resolved": "https://registry.npm.taobao.org/p-cancelable/download/p-cancelable-1.1.0.tgz",
      "integrity": "sha1-0HjRWjr0CSIMiG8dmgyi5EGrJsw="
    },
    "prepend-http": {
      "version": "1.0.4",
      "resolved": "https://registry.npm.taobao.org/prepend-http/download/prepend-http-1.0.4.tgz",
      "integrity": "sha1-1PRWKwzjaW5BrFLQ4ALlemNdxtw="
    },
    "pump": {
      "version": "3.0.0",
      "resolved": "https://registry.npm.taobao.org/pump/download/pump-3.0.0.tgz",
      "integrity": "sha1-tKIRaBW94vTh6mAjVOjHVWUQemQ=",
      "requires": {
        "end-of-stream": "^1.1.0",
        "once": "^1.3.1"
      }
    },
    "responselike": {
      "version": "1.0.2",
      "resolved": "https://registry.npm.taobao.org/responselike/download/responselike-1.0.2.tgz",
      "integrity": "sha1-kYcg7ztjHFZCvgaPFa3lpG9Loec=",
      "requires": {
        "lowercase-keys": "^1.0.0"
      }
    },
    "safe-buffer": {
      "version": "5.2.0",
      "resolved": "https://registry.npm.taobao.org/safe-buffer/download/safe-buffer-5.2.0.tgz",
      "integrity": "sha1-t02uxJsRSPiMZLaNSbHoFcHy9Rk="
    },
    "slide": {
      "version": "1.1.6",
      "resolved": "https://registry.npm.taobao.org/slide/download/slide-1.1.6.tgz",
      "integrity": "sha1-VusCfWW00tzmyy4tMsTUr8nh1wc="
    },
    "timed-out": {
      "version": "4.0.1",
      "resolved": "https://registry.npm.taobao.org/timed-out/download/timed-out-4.0.1.tgz",
      "integrity": "sha1-8y6srFoXW+ol1/q1Zas+2HQe9W8="
    },
    "to-readable-stream": {
      "version": "1.0.0",
      "resolved": "https://registry.npm.taobao.org/to-readable-stream/download/to-readable-stream-1.0.0.tgz",
      "integrity": "sha1-zgqgwvPfat+FLvtASng+d8BHV3E="
    },
    "unzip-response": {
      "version": "2.0.1",
      "resolved": "https://registry.npm.taobao.org/unzip-response/download/unzip-response-2.0.1.tgz",
      "integrity": "sha1-0vD3N9FrBhXnKmk17QQhRXLVb5c="
    },
    "url-parse-lax": {
      "version": "1.0.0",
      "resolved": "https://registry.npm.taobao.org/url-parse-lax/download/url-parse-lax-1.0.0.tgz",
      "integrity": "sha1-evjzA2Rem9eaJy56FKxovAYJ2nM=",
      "requires": {
        "prepend-http": "^1.0.1"
      }
    },
    "uuid": {
      "version": "2.0.3",
      "resolved": "https://registry.npm.taobao.org/uuid/download/uuid-2.0.3.tgz?cache=0&other_urls=https%3A%2F%2Fregistry.npm.taobao.org%2Fuuid%2Fdownload%2Fuuid-2.0.3.tgz",
      "integrity": "sha1-Z+LoY3lyFVMN/zGOW/nc6/1Hsho="
    },
    "wrappy": {
      "version": "1.0.2",
      "resolved": "https://registry.npm.taobao.org/wrappy/download/wrappy-1.0.2.tgz",
      "integrity": "sha1-tSQ9jz7BqjXxNkYFvA0QNuMKtp8="
    },
    "write-file-atomic": {
      "version": "1.3.4",
      "resolved": "https://registry.npm.taobao.org/write-file-atomic/download/write-file-atomic-1.3.4.tgz",
      "integrity": "sha1-+Aek8LHZ6ROuekgRLmzDrxmRtF8=",
      "requires": {
        "graceful-fs": "^4.1.11",
        "imurmurhash": "^0.1.4",
        "slide": "^1.1.5"
      }
    },
    "xdg-basedir": {
      "version": "2.0.0",
      "resolved": "https://registry.npm.taobao.org/xdg-basedir/download/xdg-basedir-2.0.0.tgz",
      "integrity": "sha1-7byQPMOF/ARSPZZqM1UEtVBNG9I=",
      "requires": {
        "os-homedir": "^1.0.0"
      }
    }
  }
}
